{
  "name": "auto-git-update",
  "version": "1.0.0",
  "lockfileVersion": 1,
  "requires": true,
  "dependencies": {
    "logger": {
      "version": "git+https://github.com/chegele/Logger.git#13e0566d84be5d1253be6cf94183bbf0cf0ea085",
      "requires": {
        "rotating-file-stream": "1.4.6"
      }
    },
    "rotating-file-stream": {
      "version": "1.4.6",
      "resolved": "https://registry.npmjs.org/rotating-file-stream/-/rotating-file-stream-1.4.6.tgz",
      "integrity": "sha512-QS7vGxBK6sGc1mCqlmAuwV4J0fmmVCKaUgMvKbkTueZr4jdkXN3bSpTEOQxtdtAVEzi1aUqdHzwIQ0ejNn+CQg=="
    }
  }
}
