{
  "name": "auto-git-update",
  "version": "1.0.2",
  "lockfileVersion": 1,
  "requires": true,
  "dependencies": {
    "app-root-path": {
      "version": "3.0.0",
      "resolved": "https://registry.npmjs.org/app-root-path/-/app-root-path-3.0.0.tgz",
      "integrity": "sha512-qMcx+Gy2UZynHjOHOIXPNvpf+9cjvk3cWrBBK7zg4gH9+clobJRb9NGzcT7mQTcV/6Gm/1WelUtqxVXnNlrwcw=="
    },
    "chegs-simple-logger": {
      "version": "1.1.0",
      "resolved": "https://registry.npmjs.org/chegs-simple-logger/-/chegs-simple-logger-1.1.0.tgz",
      "integrity": "sha512-GR7VaKpWw3oAQV9vmjQdNlIVjxCmx15dQpj9b4m9IrGDg4unKykx74pGp8taOxnFEIU0/uqi9XGy5CHNuYwfcA==",
      "requires": {
        "rotating-file-stream": "^1.4.2"
      }
    },
    "debug": {
      "version": "4.1.1",
      "resolved": "https://registry.npmjs.org/debug/-/debug-4.1.1.tgz",
      "integrity": "sha512-pYAIzeRo8J6KPEaJ0VWOh5Pzkbw/RetuzehGM7QRRX5he4fPHx2rdKMB256ehJCkX+XRQm16eZLqLNS8RSZXZw==",
      "requires": {
        "ms": "^2.1.1"
      }
    },
    "fs-extra": {
      "version": "8.1.0",
      "resolved": "https://registry.npmjs.org/fs-extra/-/fs-extra-8.1.0.tgz",
      "integrity": "sha512-yhlQgA6mnOJUKOsRUFsgJdQCvkKhcz8tlZG5HBQfReYZy46OwLcY+Zia0mtdHsOo9y/hP+CxMN0TU9QxoOtG4g==",
      "requires": {
        "graceful-fs": "^4.2.0",
        "jsonfile": "^4.0.0",
        "universalify": "^0.1.0"
      }
    },
    "graceful-fs": {
      "version": "4.2.3",
      "resolved": "https://registry.npmjs.org/graceful-fs/-/graceful-fs-4.2.3.tgz",
      "integrity": "sha512-a30VEBm4PEdx1dRB7MFK7BejejvCvBronbLjht+sHuGYj8PHs7M/5Z+rt5lw551vZ7yfTCj4Vuyy3mSJytDWRQ=="
    },
    "jsonfile": {
      "version": "4.0.0",
      "resolved": "https://registry.npmjs.org/jsonfile/-/jsonfile-4.0.0.tgz",
      "integrity": "sha1-h3Gq4HmbZAdrdmQPygWPnBDjPss=",
      "requires": {
        "graceful-fs": "^4.1.6"
      }
    },
    "ms": {
      "version": "2.1.2",
      "resolved": "https://registry.npmjs.org/ms/-/ms-2.1.2.tgz",
      "integrity": "sha512-sGkPx+VjMtmA6MX27oA4FBFELFCZZ4S4XqeGOXCv68tT+jb3vk/RyaKWP0PTKyWtmLSM0b+adUTEvbs1PEaH2w=="
    },
    "rotating-file-stream": {
      "version": "1.4.6",
      "resolved": "https://registry.npmjs.org/rotating-file-stream/-/rotating-file-stream-1.4.6.tgz",
      "integrity": "sha512-QS7vGxBK6sGc1mCqlmAuwV4J0fmmVCKaUgMvKbkTueZr4jdkXN3bSpTEOQxtdtAVEzi1aUqdHzwIQ0ejNn+CQg=="
    },
    "simple-git": {
      "version": "1.131.0",
      "resolved": "https://registry.npmjs.org/simple-git/-/simple-git-1.131.0.tgz",
      "integrity": "sha512-z/art7YYtmPnnLItT/j+nKwJt6ap6nHZ4D8sYo9PdCKK/ug56SN6m/evfxJk7uDV3e9JuCa8qIyDU2P3cxmiNQ==",
      "requires": {
        "debug": "^4.0.1"
      }
    },
    "universalify": {
      "version": "0.1.2",
      "resolved": "https://registry.npmjs.org/universalify/-/universalify-0.1.2.tgz",
      "integrity": "sha512-rBJeI5CXAlmy1pV+617WB9J63U6XcazHHF2f2dbJix4XzpUF0RS3Zbj0FGIOCAva5P/d/GBOYaACQ1w+0azUkg=="
    }
  }
}
